# This file is automatically @generated by Poetry 1.4.1 and should not be changed by hand.

[[package]]
name = "absl-py"
version = "1.4.0"
description = "Abseil Python Common Libraries, see https://github.com/abseil/abseil-py."
category = "main"
optional = false
python-versions = ">=3.6"
files = [
    {file = "absl-py-1.4.0.tar.gz", hash = "sha256:d2c244d01048ba476e7c080bd2c6df5e141d211de80223460d5b3b8a2a58433d"},
    {file = "absl_py-1.4.0-py3-none-any.whl", hash = "sha256:0d3fe606adfa4f7db64792dd4c7aee4ee0c38ab75dfd353b7a83ed3e957fcb47"},
]

[[package]]
name = "accelerate"
version = "0.18.0"
description = "Accelerate"
category = "main"
optional = false
python-versions = ">=3.7.0"
files = [
    {file = "accelerate-0.18.0-py3-none-any.whl", hash = "sha256:41a84ac94407d7dcf030caf0cdadc70496594aec27ea680207bdb15b95f8a602"},
    {file = "accelerate-0.18.0.tar.gz", hash = "sha256:1dd36fd972de4a6d0cffe5e4d6d30622fd853765f773b5582cf0796deefe1016"},
]

[package.dependencies]
numpy = ">=1.17"
packaging = ">=20.0"
psutil = "*"
pyyaml = "*"
torch = ">=1.4.0"

[package.extras]
dev = ["black (>=23.1,<24.0)", "datasets", "deepspeed", "evaluate", "hf-doc-builder (>=0.3.0)", "parameterized", "pytest", "pytest-subtests", "pytest-xdist", "rich", "ruff (>=0.0.241)", "scikit-learn", "scipy", "tqdm", "transformers"]
quality = ["black (>=23.1,<24.0)", "hf-doc-builder (>=0.3.0)", "ruff (>=0.0.241)"]
rich = ["rich"]
sagemaker = ["sagemaker"]
test-dev = ["datasets", "deepspeed", "evaluate", "scikit-learn", "scipy", "tqdm", "transformers"]
test-prod = ["parameterized", "pytest", "pytest-subtests", "pytest-xdist"]
test-trackers = ["comet-ml", "tensorboard", "wandb"]
testing = ["datasets", "deepspeed", "evaluate", "parameterized", "pytest", "pytest-subtests", "pytest-xdist", "scikit-learn", "scipy", "tqdm", "transformers"]

[[package]]
name = "aiohttp"
version = "3.8.4"
description = "Async http client/server framework (asyncio)"
category = "main"
optional = false
python-versions = ">=3.6"
files = [
    {file = "aiohttp-3.8.4-cp310-cp310-macosx_10_9_universal2.whl", hash = "sha256:5ce45967538fb747370308d3145aa68a074bdecb4f3a300869590f725ced69c1"},
    {file = "aiohttp-3.8.4-cp310-cp310-macosx_10_9_x86_64.whl", hash = "sha256:b744c33b6f14ca26b7544e8d8aadff6b765a80ad6164fb1a430bbadd593dfb1a"},
    {file = "aiohttp-3.8.4-cp310-cp310-macosx_11_0_arm64.whl", hash = "sha256:1a45865451439eb320784918617ba54b7a377e3501fb70402ab84d38c2cd891b"},
    {file = "aiohttp-3.8.4-cp310-cp310-manylinux_2_17_aarch64.manylinux2014_aarch64.whl", hash = "sha256:a86d42d7cba1cec432d47ab13b6637bee393a10f664c425ea7b305d1301ca1a3"},
    {file = "aiohttp-3.8.4-cp310-cp310-manylinux_2_17_ppc64le.manylinux2014_ppc64le.whl", hash = "sha256:ee3c36df21b5714d49fc4580247947aa64bcbe2939d1b77b4c8dcb8f6c9faecc"},
    {file = "aiohttp-3.8.4-cp310-cp310-manylinux_2_17_s390x.manylinux2014_s390x.whl", hash = "sha256:176a64b24c0935869d5bbc4c96e82f89f643bcdf08ec947701b9dbb3c956b7dd"},
    {file = "aiohttp-3.8.4-cp310-cp310-manylinux_2_17_x86_64.manylinux2014_x86_64.whl", hash = "sha256:c844fd628851c0bc309f3c801b3a3d58ce430b2ce5b359cd918a5a76d0b20cb5"},
    {file = "aiohttp-3.8.4-cp310-cp310-manylinux_2_5_i686.manylinux1_i686.manylinux_2_17_i686.manylinux2014_i686.whl", hash = "sha256:5393fb786a9e23e4799fec788e7e735de18052f83682ce2dfcabaf1c00c2c08e"},
    {file = "aiohttp-3.8.4-cp310-cp310-musllinux_1_1_aarch64.whl", hash = "sha256:e4b09863aae0dc965c3ef36500d891a3ff495a2ea9ae9171e4519963c12ceefd"},
    {file = "aiohttp-3.8.4-cp310-cp310-musllinux_1_1_i686.whl", hash = "sha256:adfbc22e87365a6e564c804c58fc44ff7727deea782d175c33602737b7feadb6"},
    {file = "aiohttp-3.8.4-cp310-cp310-musllinux_1_1_ppc64le.whl", hash = "sha256:147ae376f14b55f4f3c2b118b95be50a369b89b38a971e80a17c3fd623f280c9"},
    {file = "aiohttp-3.8.4-cp310-cp310-musllinux_1_1_s390x.whl", hash = "sha256:eafb3e874816ebe2a92f5e155f17260034c8c341dad1df25672fb710627c6949"},
    {file = "aiohttp-3.8.4-cp310-cp310-musllinux_1_1_x86_64.whl", hash = "sha256:c6cc15d58053c76eacac5fa9152d7d84b8d67b3fde92709195cb984cfb3475ea"},
    {file = "aiohttp-3.8.4-cp310-cp310-win32.whl", hash = "sha256:59f029a5f6e2d679296db7bee982bb3d20c088e52a2977e3175faf31d6fb75d1"},
    {file = "aiohttp-3.8.4-cp310-cp310-win_amd64.whl", hash = "sha256:fe7ba4a51f33ab275515f66b0a236bcde4fb5561498fe8f898d4e549b2e4509f"},
    {file = "aiohttp-3.8.4-cp311-cp311-macosx_10_9_universal2.whl", hash = "sha256:3d8ef1a630519a26d6760bc695842579cb09e373c5f227a21b67dc3eb16cfea4"},
    {file = "aiohttp-3.8.4-cp311-cp311-macosx_10_9_x86_64.whl", hash = "sha256:5b3f2e06a512e94722886c0827bee9807c86a9f698fac6b3aee841fab49bbfb4"},
    {file = "aiohttp-3.8.4-cp311-cp311-macosx_11_0_arm64.whl", hash = "sha256:3a80464982d41b1fbfe3154e440ba4904b71c1a53e9cd584098cd41efdb188ef"},
    {file = "aiohttp-3.8.4-cp311-cp311-manylinux_2_17_aarch64.manylinux2014_aarch64.whl", hash = "sha256:8b631e26df63e52f7cce0cce6507b7a7f1bc9b0c501fcde69742130b32e8782f"},
    {file = "aiohttp-3.8.4-cp311-cp311-manylinux_2_17_ppc64le.manylinux2014_ppc64le.whl", hash = "sha256:3f43255086fe25e36fd5ed8f2ee47477408a73ef00e804cb2b5cba4bf2ac7f5e"},
    {file = "aiohttp-3.8.4-cp311-cp311-manylinux_2_17_s390x.manylinux2014_s390x.whl", hash = "sha256:4d347a172f866cd1d93126d9b239fcbe682acb39b48ee0873c73c933dd23bd0f"},
    {file = "aiohttp-3.8.4-cp311-cp311-manylinux_2_17_x86_64.manylinux2014_x86_64.whl", hash = "sha256:a3fec6a4cb5551721cdd70473eb009d90935b4063acc5f40905d40ecfea23e05"},
    {file = "aiohttp-3.8.4-cp311-cp311-manylinux_2_5_i686.manylinux1_i686.manylinux_2_17_i686.manylinux2014_i686.whl", hash = "sha256:80a37fe8f7c1e6ce8f2d9c411676e4bc633a8462844e38f46156d07a7d401654"},
    {file = "aiohttp-3.8.4-cp311-cp311-musllinux_1_1_aarch64.whl", hash = "sha256:d1e6a862b76f34395a985b3cd39a0d949ca80a70b6ebdea37d3ab39ceea6698a"},
    {file = "aiohttp-3.8.4-cp311-cp311-musllinux_1_1_i686.whl", hash = "sha256:cd468460eefef601ece4428d3cf4562459157c0f6523db89365202c31b6daebb"},
    {file = "aiohttp-3.8.4-cp311-cp311-musllinux_1_1_ppc64le.whl", hash = "sha256:618c901dd3aad4ace71dfa0f5e82e88b46ef57e3239fc7027773cb6d4ed53531"},
    {file = "aiohttp-3.8.4-cp311-cp311-musllinux_1_1_s390x.whl", hash = "sha256:652b1bff4f15f6287550b4670546a2947f2a4575b6c6dff7760eafb22eacbf0b"},
    {file = "aiohttp-3.8.4-cp311-cp311-musllinux_1_1_x86_64.whl", hash = "sha256:80575ba9377c5171407a06d0196b2310b679dc752d02a1fcaa2bc20b235dbf24"},
    {file = "aiohttp-3.8.4-cp311-cp311-win32.whl", hash = "sha256:bbcf1a76cf6f6dacf2c7f4d2ebd411438c275faa1dc0c68e46eb84eebd05dd7d"},
    {file = "aiohttp-3.8.4-cp311-cp311-win_amd64.whl", hash = "sha256:6e74dd54f7239fcffe07913ff8b964e28b712f09846e20de78676ce2a3dc0bfc"},
    {file = "aiohttp-3.8.4-cp36-cp36m-macosx_10_9_x86_64.whl", hash = "sha256:880e15bb6dad90549b43f796b391cfffd7af373f4646784795e20d92606b7a51"},
    {file = "aiohttp-3.8.4-cp36-cp36m-manylinux_2_17_aarch64.manylinux2014_aarch64.whl", hash = "sha256:bb96fa6b56bb536c42d6a4a87dfca570ff8e52de2d63cabebfd6fb67049c34b6"},
    {file = "aiohttp-3.8.4-cp36-cp36m-manylinux_2_17_ppc64le.manylinux2014_ppc64le.whl", hash = "sha256:4a6cadebe132e90cefa77e45f2d2f1a4b2ce5c6b1bfc1656c1ddafcfe4ba8131"},
    {file = "aiohttp-3.8.4-cp36-cp36m-manylinux_2_17_s390x.manylinux2014_s390x.whl", hash = "sha256:f352b62b45dff37b55ddd7b9c0c8672c4dd2eb9c0f9c11d395075a84e2c40f75"},
    {file = "aiohttp-3.8.4-cp36-cp36m-manylinux_2_17_x86_64.manylinux2014_x86_64.whl", hash = "sha256:7ab43061a0c81198d88f39aaf90dae9a7744620978f7ef3e3708339b8ed2ef01"},
    {file = "aiohttp-3.8.4-cp36-cp36m-manylinux_2_5_i686.manylinux1_i686.manylinux_2_17_i686.manylinux2014_i686.whl", hash = "sha256:c9cb1565a7ad52e096a6988e2ee0397f72fe056dadf75d17fa6b5aebaea05622"},
    {file = "aiohttp-3.8.4-cp36-cp36m-musllinux_1_1_aarch64.whl", hash = "sha256:1b3ea7edd2d24538959c1c1abf97c744d879d4e541d38305f9bd7d9b10c9ec41"},
    {file = "aiohttp-3.8.4-cp36-cp36m-musllinux_1_1_i686.whl", hash = "sha256:7c7837fe8037e96b6dd5cfcf47263c1620a9d332a87ec06a6ca4564e56bd0f36"},
    {file = "aiohttp-3.8.4-cp36-cp36m-musllinux_1_1_ppc64le.whl", hash = "sha256:3b90467ebc3d9fa5b0f9b6489dfb2c304a1db7b9946fa92aa76a831b9d587e99"},
    {file = "aiohttp-3.8.4-cp36-cp36m-musllinux_1_1_s390x.whl", hash = "sha256:cab9401de3ea52b4b4c6971db5fb5c999bd4260898af972bf23de1c6b5dd9d71"},
    {file = "aiohttp-3.8.4-cp36-cp36m-musllinux_1_1_x86_64.whl", hash = "sha256:d1f9282c5f2b5e241034a009779e7b2a1aa045f667ff521e7948ea9b56e0c5ff"},
    {file = "aiohttp-3.8.4-cp36-cp36m-win32.whl", hash = "sha256:5e14f25765a578a0a634d5f0cd1e2c3f53964553a00347998dfdf96b8137f777"},
    {file = "aiohttp-3.8.4-cp36-cp36m-win_amd64.whl", hash = "sha256:4c745b109057e7e5f1848c689ee4fb3a016c8d4d92da52b312f8a509f83aa05e"},
    {file = "aiohttp-3.8.4-cp37-cp37m-macosx_10_9_x86_64.whl", hash = "sha256:aede4df4eeb926c8fa70de46c340a1bc2c6079e1c40ccf7b0eae1313ffd33519"},
    {file = "aiohttp-3.8.4-cp37-cp37m-manylinux_2_17_aarch64.manylinux2014_aarch64.whl", hash = "sha256:4ddaae3f3d32fc2cb4c53fab020b69a05c8ab1f02e0e59665c6f7a0d3a5be54f"},
    {file = "aiohttp-3.8.4-cp37-cp37m-manylinux_2_17_ppc64le.manylinux2014_ppc64le.whl", hash = "sha256:c4eb3b82ca349cf6fadcdc7abcc8b3a50ab74a62e9113ab7a8ebc268aad35bb9"},
    {file = "aiohttp-3.8.4-cp37-cp37m-manylinux_2_17_s390x.manylinux2014_s390x.whl", hash = "sha256:9bcb89336efa095ea21b30f9e686763f2be4478f1b0a616969551982c4ee4c3b"},
    {file = "aiohttp-3.8.4-cp37-cp37m-manylinux_2_17_x86_64.manylinux2014_x86_64.whl", hash = "sha256:6c08e8ed6fa3d477e501ec9db169bfac8140e830aa372d77e4a43084d8dd91ab"},
    {file = "aiohttp-3.8.4-cp37-cp37m-manylinux_2_5_i686.manylinux1_i686.manylinux_2_17_i686.manylinux2014_i686.whl", hash = "sha256:c6cd05ea06daca6ad6a4ca3ba7fe7dc5b5de063ff4daec6170ec0f9979f6c332"},
    {file = "aiohttp-3.8.4-cp37-cp37m-musllinux_1_1_aarch64.whl", hash = "sha256:b7a00a9ed8d6e725b55ef98b1b35c88013245f35f68b1b12c5cd4100dddac333"},
    {file = "aiohttp-3.8.4-cp37-cp37m-musllinux_1_1_i686.whl", hash = "sha256:de04b491d0e5007ee1b63a309956eaed959a49f5bb4e84b26c8f5d49de140fa9"},
    {file = "aiohttp-3.8.4-cp37-cp37m-musllinux_1_1_ppc64le.whl", hash = "sha256:40653609b3bf50611356e6b6554e3a331f6879fa7116f3959b20e3528783e699"},
    {file = "aiohttp-3.8.4-cp37-cp37m-musllinux_1_1_s390x.whl", hash = "sha256:dbf3a08a06b3f433013c143ebd72c15cac33d2914b8ea4bea7ac2c23578815d6"},
    {file = "aiohttp-3.8.4-cp37-cp37m-musllinux_1_1_x86_64.whl", hash = "sha256:854f422ac44af92bfe172d8e73229c270dc09b96535e8a548f99c84f82dde241"},
    {file = "aiohttp-3.8.4-cp37-cp37m-win32.whl", hash = "sha256:aeb29c84bb53a84b1a81c6c09d24cf33bb8432cc5c39979021cc0f98c1292a1a"},
    {file = "aiohttp-3.8.4-cp37-cp37m-win_amd64.whl", hash = "sha256:db3fc6120bce9f446d13b1b834ea5b15341ca9ff3f335e4a951a6ead31105480"},
    {file = "aiohttp-3.8.4-cp38-cp38-macosx_10_9_universal2.whl", hash = "sha256:fabb87dd8850ef0f7fe2b366d44b77d7e6fa2ea87861ab3844da99291e81e60f"},
    {file = "aiohttp-3.8.4-cp38-cp38-macosx_10_9_x86_64.whl", hash = "sha256:91f6d540163f90bbaef9387e65f18f73ffd7c79f5225ac3d3f61df7b0d01ad15"},
    {file = "aiohttp-3.8.4-cp38-cp38-macosx_11_0_arm64.whl", hash = "sha256:d265f09a75a79a788237d7f9054f929ced2e69eb0bb79de3798c468d8a90f945"},
    {file = "aiohttp-3.8.4-cp38-cp38-manylinux_2_17_aarch64.manylinux2014_aarch64.whl", hash = "sha256:3d89efa095ca7d442a6d0cbc755f9e08190ba40069b235c9886a8763b03785da"},
    {file = "aiohttp-3.8.4-cp38-cp38-manylinux_2_17_ppc64le.manylinux2014_ppc64le.whl", hash = "sha256:4dac314662f4e2aa5009977b652d9b8db7121b46c38f2073bfeed9f4049732cd"},
    {file = "aiohttp-3.8.4-cp38-cp38-manylinux_2_17_s390x.manylinux2014_s390x.whl", hash = "sha256:fe11310ae1e4cd560035598c3f29d86cef39a83d244c7466f95c27ae04850f10"},
    {file = "aiohttp-3.8.4-cp38-cp38-manylinux_2_17_x86_64.manylinux2014_x86_64.whl", hash = "sha256:6ddb2a2026c3f6a68c3998a6c47ab6795e4127315d2e35a09997da21865757f8"},
    {file = "aiohttp-3.8.4-cp38-cp38-manylinux_2_5_i686.manylinux1_i686.manylinux_2_17_i686.manylinux2014_i686.whl", hash = "sha256:e75b89ac3bd27d2d043b234aa7b734c38ba1b0e43f07787130a0ecac1e12228a"},
    {file = "aiohttp-3.8.4-cp38-cp38-musllinux_1_1_aarch64.whl", hash = "sha256:6e601588f2b502c93c30cd5a45bfc665faaf37bbe835b7cfd461753068232074"},
    {file = "aiohttp-3.8.4-cp38-cp38-musllinux_1_1_i686.whl", hash = "sha256:a5d794d1ae64e7753e405ba58e08fcfa73e3fad93ef9b7e31112ef3c9a0efb52"},
    {file = "aiohttp-3.8.4-cp38-cp38-musllinux_1_1_ppc64le.whl", hash = "sha256:a1f4689c9a1462f3df0a1f7e797791cd6b124ddbee2b570d34e7f38ade0e2c71"},
    {file = "aiohttp-3.8.4-cp38-cp38-musllinux_1_1_s390x.whl", hash = "sha256:3032dcb1c35bc330134a5b8a5d4f68c1a87252dfc6e1262c65a7e30e62298275"},
    {file = "aiohttp-3.8.4-cp38-cp38-musllinux_1_1_x86_64.whl", hash = "sha256:8189c56eb0ddbb95bfadb8f60ea1b22fcfa659396ea36f6adcc521213cd7b44d"},
    {file = "aiohttp-3.8.4-cp38-cp38-win32.whl", hash = "sha256:33587f26dcee66efb2fff3c177547bd0449ab7edf1b73a7f5dea1e38609a0c54"},
    {file = "aiohttp-3.8.4-cp38-cp38-win_amd64.whl", hash = "sha256:e595432ac259af2d4630008bf638873d69346372d38255774c0e286951e8b79f"},
    {file = "aiohttp-3.8.4-cp39-cp39-macosx_10_9_universal2.whl", hash = "sha256:5a7bdf9e57126dc345b683c3632e8ba317c31d2a41acd5800c10640387d193ed"},
    {file = "aiohttp-3.8.4-cp39-cp39-macosx_10_9_x86_64.whl", hash = "sha256:22f6eab15b6db242499a16de87939a342f5a950ad0abaf1532038e2ce7d31567"},
    {file = "aiohttp-3.8.4-cp39-cp39-macosx_11_0_arm64.whl", hash = "sha256:7235604476a76ef249bd64cb8274ed24ccf6995c4a8b51a237005ee7a57e8643"},
    {file = "aiohttp-3.8.4-cp39-cp39-manylinux_2_17_aarch64.manylinux2014_aarch64.whl", hash = "sha256:ea9eb976ffdd79d0e893869cfe179a8f60f152d42cb64622fca418cd9b18dc2a"},
    {file = "aiohttp-3.8.4-cp39-cp39-manylinux_2_17_ppc64le.manylinux2014_ppc64le.whl", hash = "sha256:92c0cea74a2a81c4c76b62ea1cac163ecb20fb3ba3a75c909b9fa71b4ad493cf"},
    {file = "aiohttp-3.8.4-cp39-cp39-manylinux_2_17_s390x.manylinux2014_s390x.whl", hash = "sha256:493f5bc2f8307286b7799c6d899d388bbaa7dfa6c4caf4f97ef7521b9cb13719"},
    {file = "aiohttp-3.8.4-cp39-cp39-manylinux_2_17_x86_64.manylinux2014_x86_64.whl", hash = "sha256:0a63f03189a6fa7c900226e3ef5ba4d3bd047e18f445e69adbd65af433add5a2"},
    {file = "aiohttp-3.8.4-cp39-cp39-manylinux_2_5_i686.manylinux1_i686.manylinux_2_17_i686.manylinux2014_i686.whl", hash = "sha256:10c8cefcff98fd9168cdd86c4da8b84baaa90bf2da2269c6161984e6737bf23e"},
    {file = "aiohttp-3.8.4-cp39-cp39-musllinux_1_1_aarch64.whl", hash = "sha256:bca5f24726e2919de94f047739d0a4fc01372801a3672708260546aa2601bf57"},
    {file = "aiohttp-3.8.4-cp39-cp39-musllinux_1_1_i686.whl", hash = "sha256:03baa76b730e4e15a45f81dfe29a8d910314143414e528737f8589ec60cf7391"},
    {file = "aiohttp-3.8.4-cp39-cp39-musllinux_1_1_ppc64le.whl", hash = "sha256:8c29c77cc57e40f84acef9bfb904373a4e89a4e8b74e71aa8075c021ec9078c2"},
    {file = "aiohttp-3.8.4-cp39-cp39-musllinux_1_1_s390x.whl", hash = "sha256:03543dcf98a6619254b409be2d22b51f21ec66272be4ebda7b04e6412e4b2e14"},
    {file = "aiohttp-3.8.4-cp39-cp39-musllinux_1_1_x86_64.whl", hash = "sha256:17b79c2963db82086229012cff93ea55196ed31f6493bb1ccd2c62f1724324e4"},
    {file = "aiohttp-3.8.4-cp39-cp39-win32.whl", hash = "sha256:34ce9f93a4a68d1272d26030655dd1b58ff727b3ed2a33d80ec433561b03d67a"},
    {file = "aiohttp-3.8.4-cp39-cp39-win_amd64.whl", hash = "sha256:41a86a69bb63bb2fc3dc9ad5ea9f10f1c9c8e282b471931be0268ddd09430b04"},
    {file = "aiohttp-3.8.4.tar.gz", hash = "sha256:bf2e1a9162c1e441bf805a1fd166e249d574ca04e03b34f97e2928769e91ab5c"},
]

[package.dependencies]
aiosignal = ">=1.1.2"
async-timeout = ">=4.0.0a3,<5.0"
attrs = ">=17.3.0"
charset-normalizer = ">=2.0,<4.0"
frozenlist = ">=1.1.1"
multidict = ">=4.5,<7.0"
yarl = ">=1.0,<2.0"

[package.extras]
speedups = ["Brotli", "aiodns", "cchardet"]

[[package]]
name = "aiosignal"
version = "1.3.1"
description = "aiosignal: a list of registered asynchronous callbacks"
category = "main"
optional = false
python-versions = ">=3.7"
files = [
    {file = "aiosignal-1.3.1-py3-none-any.whl", hash = "sha256:f8376fb07dd1e86a584e4fcdec80b36b7f81aac666ebc724e2c090300dd83b17"},
    {file = "aiosignal-1.3.1.tar.gz", hash = "sha256:54cd96e15e1649b75d6c87526a6ff0b6c1b0dd3459f43d9ca11d48c339b68cfc"},
]

[package.dependencies]
frozenlist = ">=1.1.0"

[[package]]
name = "astunparse"
version = "1.6.3"
description = "An AST unparser for Python"
category = "main"
optional = false
python-versions = "*"
files = [
    {file = "astunparse-1.6.3-py2.py3-none-any.whl", hash = "sha256:c2652417f2c8b5bb325c885ae329bdf3f86424075c4fd1a128674bc6fba4b8e8"},
    {file = "astunparse-1.6.3.tar.gz", hash = "sha256:5ad93a8456f0d084c3456d059fd9a92cce667963232cbf763eac3bc5b7940872"},
]

[package.dependencies]
six = ">=1.6.1,<2.0"
wheel = ">=0.23.0,<1.0"

[[package]]
name = "async-timeout"
version = "4.0.2"
description = "Timeout context manager for asyncio programs"
category = "main"
optional = false
python-versions = ">=3.6"
files = [
    {file = "async-timeout-4.0.2.tar.gz", hash = "sha256:2163e1640ddb52b7a8c80d0a67a08587e5d245cc9c553a74a847056bc2976b15"},
    {file = "async_timeout-4.0.2-py3-none-any.whl", hash = "sha256:8ca1e4fcf50d07413d66d1a5e416e42cfdf5851c981d679a09851a6853383b3c"},
]

[[package]]
name = "attrs"
version = "22.2.0"
description = "Classes Without Boilerplate"
category = "main"
optional = false
python-versions = ">=3.6"
files = [
    {file = "attrs-22.2.0-py3-none-any.whl", hash = "sha256:29e95c7f6778868dbd49170f98f8818f78f3dc5e0e37c0b1f474e3561b240836"},
    {file = "attrs-22.2.0.tar.gz", hash = "sha256:c9227bfc2f01993c03f68db37d1d15c9690188323c067c641f1a35ca58185f99"},
]

[package.extras]
cov = ["attrs[tests]", "coverage-enable-subprocess", "coverage[toml] (>=5.3)"]
dev = ["attrs[docs,tests]"]
docs = ["furo", "myst-parser", "sphinx", "sphinx-notfound-page", "sphinxcontrib-towncrier", "towncrier", "zope.interface"]
tests = ["attrs[tests-no-zope]", "zope.interface"]
tests-no-zope = ["cloudpickle", "cloudpickle", "hypothesis", "hypothesis", "mypy (>=0.971,<0.990)", "mypy (>=0.971,<0.990)", "pympler", "pympler", "pytest (>=4.3.0)", "pytest (>=4.3.0)", "pytest-mypy-plugins", "pytest-mypy-plugins", "pytest-xdist[psutil]", "pytest-xdist[psutil]"]

[[package]]
name = "black"
version = "23.1.0"
description = "The uncompromising code formatter."
category = "dev"
optional = false
python-versions = ">=3.7"
files = [
    {file = "black-23.1.0-cp310-cp310-macosx_10_16_arm64.whl", hash = "sha256:b6a92a41ee34b883b359998f0c8e6eb8e99803aa8bf3123bf2b2e6fec505a221"},
    {file = "black-23.1.0-cp310-cp310-macosx_10_16_universal2.whl", hash = "sha256:57c18c5165c1dbe291d5306e53fb3988122890e57bd9b3dcb75f967f13411a26"},
    {file = "black-23.1.0-cp310-cp310-macosx_10_16_x86_64.whl", hash = "sha256:9880d7d419bb7e709b37e28deb5e68a49227713b623c72b2b931028ea65f619b"},
    {file = "black-23.1.0-cp310-cp310-manylinux_2_17_x86_64.manylinux2014_x86_64.whl", hash = "sha256:e6663f91b6feca5d06f2ccd49a10f254f9298cc1f7f49c46e498a0771b507104"},
    {file = "black-23.1.0-cp310-cp310-win_amd64.whl", hash = "sha256:9afd3f493666a0cd8f8df9a0200c6359ac53940cbde049dcb1a7eb6ee2dd7074"},
    {file = "black-23.1.0-cp311-cp311-macosx_10_16_arm64.whl", hash = "sha256:bfffba28dc52a58f04492181392ee380e95262af14ee01d4bc7bb1b1c6ca8d27"},
    {file = "black-23.1.0-cp311-cp311-macosx_10_16_universal2.whl", hash = "sha256:c1c476bc7b7d021321e7d93dc2cbd78ce103b84d5a4cf97ed535fbc0d6660648"},
    {file = "black-23.1.0-cp311-cp311-macosx_10_16_x86_64.whl", hash = "sha256:382998821f58e5c8238d3166c492139573325287820963d2f7de4d518bd76958"},
    {file = "black-23.1.0-cp311-cp311-manylinux_2_17_x86_64.manylinux2014_x86_64.whl", hash = "sha256:2bf649fda611c8550ca9d7592b69f0637218c2369b7744694c5e4902873b2f3a"},
    {file = "black-23.1.0-cp311-cp311-win_amd64.whl", hash = "sha256:121ca7f10b4a01fd99951234abdbd97728e1240be89fde18480ffac16503d481"},
    {file = "black-23.1.0-cp37-cp37m-macosx_10_16_x86_64.whl", hash = "sha256:a8471939da5e824b891b25751955be52ee7f8a30a916d570a5ba8e0f2eb2ecad"},
    {file = "black-23.1.0-cp37-cp37m-manylinux_2_17_x86_64.manylinux2014_x86_64.whl", hash = "sha256:8178318cb74f98bc571eef19068f6ab5613b3e59d4f47771582f04e175570ed8"},
    {file = "black-23.1.0-cp37-cp37m-win_amd64.whl", hash = "sha256:a436e7881d33acaf2536c46a454bb964a50eff59b21b51c6ccf5a40601fbef24"},
    {file = "black-23.1.0-cp38-cp38-macosx_10_16_arm64.whl", hash = "sha256:a59db0a2094d2259c554676403fa2fac3473ccf1354c1c63eccf7ae65aac8ab6"},
    {file = "black-23.1.0-cp38-cp38-macosx_10_16_universal2.whl", hash = "sha256:0052dba51dec07ed029ed61b18183942043e00008ec65d5028814afaab9a22fd"},
    {file = "black-23.1.0-cp38-cp38-macosx_10_16_x86_64.whl", hash = "sha256:49f7b39e30f326a34b5c9a4213213a6b221d7ae9d58ec70df1c4a307cf2a1580"},
    {file = "black-23.1.0-cp38-cp38-manylinux_2_17_x86_64.manylinux2014_x86_64.whl", hash = "sha256:162e37d49e93bd6eb6f1afc3e17a3d23a823042530c37c3c42eeeaf026f38468"},
    {file = "black-23.1.0-cp38-cp38-win_amd64.whl", hash = "sha256:8b70eb40a78dfac24842458476135f9b99ab952dd3f2dab738c1881a9b38b753"},
    {file = "black-23.1.0-cp39-cp39-macosx_10_16_arm64.whl", hash = "sha256:a29650759a6a0944e7cca036674655c2f0f63806ddecc45ed40b7b8aa314b651"},
    {file = "black-23.1.0-cp39-cp39-macosx_10_16_universal2.whl", hash = "sha256:bb460c8561c8c1bec7824ecbc3ce085eb50005883a6203dcfb0122e95797ee06"},
    {file = "black-23.1.0-cp39-cp39-macosx_10_16_x86_64.whl", hash = "sha256:c91dfc2c2a4e50df0026f88d2215e166616e0c80e86004d0003ece0488db2739"},
    {file = "black-23.1.0-cp39-cp39-manylinux_2_17_x86_64.manylinux2014_x86_64.whl", hash = "sha256:2a951cc83ab535d248c89f300eccbd625e80ab880fbcfb5ac8afb5f01a258ac9"},
    {file = "black-23.1.0-cp39-cp39-win_amd64.whl", hash = "sha256:0680d4380db3719ebcfb2613f34e86c8e6d15ffeabcf8ec59355c5e7b85bb555"},
    {file = "black-23.1.0-py3-none-any.whl", hash = "sha256:7a0f701d314cfa0896b9001df70a530eb2472babb76086344e688829efd97d32"},
    {file = "black-23.1.0.tar.gz", hash = "sha256:b0bd97bea8903f5a2ba7219257a44e3f1f9d00073d6cc1add68f0beec69692ac"},
]

[package.dependencies]
click = ">=8.0.0"
mypy-extensions = ">=0.4.3"
packaging = ">=22.0"
pathspec = ">=0.9.0"
platformdirs = ">=2"
tomli = {version = ">=1.1.0", markers = "python_version < \"3.11\""}

[package.extras]
colorama = ["colorama (>=0.4.3)"]
d = ["aiohttp (>=3.7.4)"]
jupyter = ["ipython (>=7.8.0)", "tokenize-rt (>=3.2.0)"]
uvloop = ["uvloop (>=0.15.2)"]

[[package]]
name = "cachetools"
version = "5.3.0"
description = "Extensible memoizing collections and decorators"
category = "main"
optional = false
python-versions = "~=3.7"
files = [
    {file = "cachetools-5.3.0-py3-none-any.whl", hash = "sha256:429e1a1e845c008ea6c85aa35d4b98b65d6a9763eeef3e37e92728a12d1de9d4"},
    {file = "cachetools-5.3.0.tar.gz", hash = "sha256:13dfddc7b8df938c21a940dfa6557ce6e94a2f1cdfa58eb90c805721d58f2c14"},
]

[[package]]
name = "certifi"
version = "2022.12.7"
description = "Python package for providing Mozilla's CA Bundle."
category = "main"
optional = false
python-versions = ">=3.6"
files = [
    {file = "certifi-2022.12.7-py3-none-any.whl", hash = "sha256:4ad3232f5e926d6718ec31cfc1fcadfde020920e278684144551c91769c7bc18"},
    {file = "certifi-2022.12.7.tar.gz", hash = "sha256:35824b4c3a97115964b408844d64aa14db1cc518f6562e8d7261699d1350a9e3"},
]

[[package]]
name = "cfgv"
version = "3.3.1"
description = "Validate configuration and produce human readable error messages."
category = "dev"
optional = false
python-versions = ">=3.6.1"
files = [
    {file = "cfgv-3.3.1-py2.py3-none-any.whl", hash = "sha256:c6a0883f3917a037485059700b9e75da2464e6c27051014ad85ba6aaa5884426"},
    {file = "cfgv-3.3.1.tar.gz", hash = "sha256:f5a830efb9ce7a445376bb66ec94c638a9787422f96264c98edc6bdeed8ab736"},
]

[[package]]
name = "charset-normalizer"
version = "3.1.0"
description = "The Real First Universal Charset Detector. Open, modern and actively maintained alternative to Chardet."
category = "main"
optional = false
python-versions = ">=3.7.0"
files = [
    {file = "charset-normalizer-3.1.0.tar.gz", hash = "sha256:34e0a2f9c370eb95597aae63bf85eb5e96826d81e3dcf88b8886012906f509b5"},
    {file = "charset_normalizer-3.1.0-cp310-cp310-macosx_10_9_universal2.whl", hash = "sha256:e0ac8959c929593fee38da1c2b64ee9778733cdf03c482c9ff1d508b6b593b2b"},
    {file = "charset_normalizer-3.1.0-cp310-cp310-macosx_10_9_x86_64.whl", hash = "sha256:d7fc3fca01da18fbabe4625d64bb612b533533ed10045a2ac3dd194bfa656b60"},
    {file = "charset_normalizer-3.1.0-cp310-cp310-macosx_11_0_arm64.whl", hash = "sha256:04eefcee095f58eaabe6dc3cc2262f3bcd776d2c67005880894f447b3f2cb9c1"},
    {file = "charset_normalizer-3.1.0-cp310-cp310-manylinux_2_17_aarch64.manylinux2014_aarch64.whl", hash = "sha256:20064ead0717cf9a73a6d1e779b23d149b53daf971169289ed2ed43a71e8d3b0"},
    {file = "charset_normalizer-3.1.0-cp310-cp310-manylinux_2_17_ppc64le.manylinux2014_ppc64le.whl", hash = "sha256:1435ae15108b1cb6fffbcea2af3d468683b7afed0169ad718451f8db5d1aff6f"},
    {file = "charset_normalizer-3.1.0-cp310-cp310-manylinux_2_17_s390x.manylinux2014_s390x.whl", hash = "sha256:c84132a54c750fda57729d1e2599bb598f5fa0344085dbde5003ba429a4798c0"},
    {file = "charset_normalizer-3.1.0-cp310-cp310-manylinux_2_17_x86_64.manylinux2014_x86_64.whl", hash = "sha256:75f2568b4189dda1c567339b48cba4ac7384accb9c2a7ed655cd86b04055c795"},
    {file = "charset_normalizer-3.1.0-cp310-cp310-manylinux_2_5_i686.manylinux1_i686.manylinux_2_17_i686.manylinux2014_i686.whl", hash = "sha256:11d3bcb7be35e7b1bba2c23beedac81ee893ac9871d0ba79effc7fc01167db6c"},
    {file = "charset_normalizer-3.1.0-cp310-cp310-musllinux_1_1_aarch64.whl", hash = "sha256:891cf9b48776b5c61c700b55a598621fdb7b1e301a550365571e9624f270c203"},
    {file = "charset_normalizer-3.1.0-cp310-cp310-musllinux_1_1_i686.whl", hash = "sha256:5f008525e02908b20e04707a4f704cd286d94718f48bb33edddc7d7b584dddc1"},
    {file = "charset_normalizer-3.1.0-cp310-cp310-musllinux_1_1_ppc64le.whl", hash = "sha256:b06f0d3bf045158d2fb8837c5785fe9ff9b8c93358be64461a1089f5da983137"},
    {file = "charset_normalizer-3.1.0-cp310-cp310-musllinux_1_1_s390x.whl", hash = "sha256:49919f8400b5e49e961f320c735388ee686a62327e773fa5b3ce6721f7e785ce"},
    {file = "charset_normalizer-3.1.0-cp310-cp310-musllinux_1_1_x86_64.whl", hash = "sha256:22908891a380d50738e1f978667536f6c6b526a2064156203d418f4856d6e86a"},
    {file = "charset_normalizer-3.1.0-cp310-cp310-win32.whl", hash = "sha256:12d1a39aa6b8c6f6248bb54550efcc1c38ce0d8096a146638fd4738e42284448"},
    {file = "charset_normalizer-3.1.0-cp310-cp310-win_amd64.whl", hash = "sha256:65ed923f84a6844de5fd29726b888e58c62820e0769b76565480e1fdc3d062f8"},
    {file = "charset_normalizer-3.1.0-cp311-cp311-macosx_10_9_universal2.whl", hash = "sha256:9a3267620866c9d17b959a84dd0bd2d45719b817245e49371ead79ed4f710d19"},
    {file = "charset_normalizer-3.1.0-cp311-cp311-macosx_10_9_x86_64.whl", hash = "sha256:6734e606355834f13445b6adc38b53c0fd45f1a56a9ba06c2058f86893ae8017"},
    {file = "charset_normalizer-3.1.0-cp311-cp311-macosx_11_0_arm64.whl", hash = "sha256:f8303414c7b03f794347ad062c0516cee0e15f7a612abd0ce1e25caf6ceb47df"},
    {file = "charset_normalizer-3.1.0-cp311-cp311-manylinux_2_17_aarch64.manylinux2014_aarch64.whl", hash = "sha256:aaf53a6cebad0eae578f062c7d462155eada9c172bd8c4d250b8c1d8eb7f916a"},
    {file = "charset_normalizer-3.1.0-cp311-cp311-manylinux_2_17_ppc64le.manylinux2014_ppc64le.whl", hash = "sha256:3dc5b6a8ecfdc5748a7e429782598e4f17ef378e3e272eeb1340ea57c9109f41"},
    {file = "charset_normalizer-3.1.0-cp311-cp311-manylinux_2_17_s390x.manylinux2014_s390x.whl", hash = "sha256:e1b25e3ad6c909f398df8921780d6a3d120d8c09466720226fc621605b6f92b1"},
    {file = "charset_normalizer-3.1.0-cp311-cp311-manylinux_2_17_x86_64.manylinux2014_x86_64.whl", hash = "sha256:0ca564606d2caafb0abe6d1b5311c2649e8071eb241b2d64e75a0d0065107e62"},
    {file = "charset_normalizer-3.1.0-cp311-cp311-manylinux_2_5_i686.manylinux1_i686.manylinux_2_17_i686.manylinux2014_i686.whl", hash = "sha256:b82fab78e0b1329e183a65260581de4375f619167478dddab510c6c6fb04d9b6"},
    {file = "charset_normalizer-3.1.0-cp311-cp311-musllinux_1_1_aarch64.whl", hash = "sha256:bd7163182133c0c7701b25e604cf1611c0d87712e56e88e7ee5d72deab3e76b5"},
    {file = "charset_normalizer-3.1.0-cp311-cp311-musllinux_1_1_i686.whl", hash = "sha256:11d117e6c63e8f495412d37e7dc2e2fff09c34b2d09dbe2bee3c6229577818be"},
    {file = "charset_normalizer-3.1.0-cp311-cp311-musllinux_1_1_ppc64le.whl", hash = "sha256:cf6511efa4801b9b38dc5546d7547d5b5c6ef4b081c60b23e4d941d0eba9cbeb"},
    {file = "charset_normalizer-3.1.0-cp311-cp311-musllinux_1_1_s390x.whl", hash = "sha256:abc1185d79f47c0a7aaf7e2412a0eb2c03b724581139193d2d82b3ad8cbb00ac"},
    {file = "charset_normalizer-3.1.0-cp311-cp311-musllinux_1_1_x86_64.whl", hash = "sha256:cb7b2ab0188829593b9de646545175547a70d9a6e2b63bf2cd87a0a391599324"},
    {file = "charset_normalizer-3.1.0-cp311-cp311-win32.whl", hash = "sha256:c36bcbc0d5174a80d6cccf43a0ecaca44e81d25be4b7f90f0ed7bcfbb5a00909"},
    {file = "charset_normalizer-3.1.0-cp311-cp311-win_amd64.whl", hash = "sha256:cca4def576f47a09a943666b8f829606bcb17e2bc2d5911a46c8f8da45f56755"},
    {file = "charset_normalizer-3.1.0-cp37-cp37m-macosx_10_9_x86_64.whl", hash = "sha256:0c95f12b74681e9ae127728f7e5409cbbef9cd914d5896ef238cc779b8152373"},
    {file = "charset_normalizer-3.1.0-cp37-cp37m-manylinux_2_17_aarch64.manylinux2014_aarch64.whl", hash = "sha256:fca62a8301b605b954ad2e9c3666f9d97f63872aa4efcae5492baca2056b74ab"},
    {file = "charset_normalizer-3.1.0-cp37-cp37m-manylinux_2_17_ppc64le.manylinux2014_ppc64le.whl", hash = "sha256:ac0aa6cd53ab9a31d397f8303f92c42f534693528fafbdb997c82bae6e477ad9"},
    {file = "charset_normalizer-3.1.0-cp37-cp37m-manylinux_2_17_s390x.manylinux2014_s390x.whl", hash = "sha256:c3af8e0f07399d3176b179f2e2634c3ce9c1301379a6b8c9c9aeecd481da494f"},
    {file = "charset_normalizer-3.1.0-cp37-cp37m-manylinux_2_17_x86_64.manylinux2014_x86_64.whl", hash = "sha256:3a5fc78f9e3f501a1614a98f7c54d3969f3ad9bba8ba3d9b438c3bc5d047dd28"},
    {file = "charset_normalizer-3.1.0-cp37-cp37m-manylinux_2_5_i686.manylinux1_i686.manylinux_2_17_i686.manylinux2014_i686.whl", hash = "sha256:628c985afb2c7d27a4800bfb609e03985aaecb42f955049957814e0491d4006d"},
    {file = "charset_normalizer-3.1.0-cp37-cp37m-musllinux_1_1_aarch64.whl", hash = "sha256:74db0052d985cf37fa111828d0dd230776ac99c740e1a758ad99094be4f1803d"},
    {file = "charset_normalizer-3.1.0-cp37-cp37m-musllinux_1_1_i686.whl", hash = "sha256:1e8fcdd8f672a1c4fc8d0bd3a2b576b152d2a349782d1eb0f6b8e52e9954731d"},
    {file = "charset_normalizer-3.1.0-cp37-cp37m-musllinux_1_1_ppc64le.whl", hash = "sha256:04afa6387e2b282cf78ff3dbce20f0cc071c12dc8f685bd40960cc68644cfea6"},
    {file = "charset_normalizer-3.1.0-cp37-cp37m-musllinux_1_1_s390x.whl", hash = "sha256:dd5653e67b149503c68c4018bf07e42eeed6b4e956b24c00ccdf93ac79cdff84"},
    {file = "charset_normalizer-3.1.0-cp37-cp37m-musllinux_1_1_x86_64.whl", hash = "sha256:d2686f91611f9e17f4548dbf050e75b079bbc2a82be565832bc8ea9047b61c8c"},
    {file = "charset_normalizer-3.1.0-cp37-cp37m-win32.whl", hash = "sha256:4155b51ae05ed47199dc5b2a4e62abccb274cee6b01da5b895099b61b1982974"},
    {file = "charset_normalizer-3.1.0-cp37-cp37m-win_amd64.whl", hash = "sha256:322102cdf1ab682ecc7d9b1c5eed4ec59657a65e1c146a0da342b78f4112db23"},
    {file = "charset_normalizer-3.1.0-cp38-cp38-macosx_10_9_universal2.whl", hash = "sha256:e633940f28c1e913615fd624fcdd72fdba807bf53ea6925d6a588e84e1151531"},
    {file = "charset_normalizer-3.1.0-cp38-cp38-macosx_10_9_x86_64.whl", hash = "sha256:3a06f32c9634a8705f4ca9946d667609f52cf130d5548881401f1eb2c39b1e2c"},
    {file = "charset_normalizer-3.1.0-cp38-cp38-macosx_11_0_arm64.whl", hash = "sha256:7381c66e0561c5757ffe616af869b916c8b4e42b367ab29fedc98481d1e74e14"},
    {file = "charset_normalizer-3.1.0-cp38-cp38-manylinux_2_17_aarch64.manylinux2014_aarch64.whl", hash = "sha256:3573d376454d956553c356df45bb824262c397c6e26ce43e8203c4c540ee0acb"},
    {file = "charset_normalizer-3.1.0-cp38-cp38-manylinux_2_17_ppc64le.manylinux2014_ppc64le.whl", hash = "sha256:e89df2958e5159b811af9ff0f92614dabf4ff617c03a4c1c6ff53bf1c399e0e1"},
    {file = "charset_normalizer-3.1.0-cp38-cp38-manylinux_2_17_s390x.manylinux2014_s390x.whl", hash = "sha256:78cacd03e79d009d95635e7d6ff12c21eb89b894c354bd2b2ed0b4763373693b"},
    {file = "charset_normalizer-3.1.0-cp38-cp38-manylinux_2_17_x86_64.manylinux2014_x86_64.whl", hash = "sha256:de5695a6f1d8340b12a5d6d4484290ee74d61e467c39ff03b39e30df62cf83a0"},
    {file = "charset_normalizer-3.1.0-cp38-cp38-manylinux_2_5_i686.manylinux1_i686.manylinux_2_17_i686.manylinux2014_i686.whl", hash = "sha256:1c60b9c202d00052183c9be85e5eaf18a4ada0a47d188a83c8f5c5b23252f649"},
    {file = "charset_normalizer-3.1.0-cp38-cp38-musllinux_1_1_aarch64.whl", hash = "sha256:f645caaf0008bacf349875a974220f1f1da349c5dbe7c4ec93048cdc785a3326"},
